
Microsoft Visual Studio Solution File, Format Version 12.00
# Visual Studio Version 17
VisualStudioVersion = 17.7.34221.43
MinimumVisualStudioVersion = 10.0.40219.1
Project("{9A19103F-16F7-4668-BE54-9A1E7A4F7556}") = "ITNotionWPF", "ITNotionWPF\ITNotionWPF.csproj", "{3DB2E521-6966-4B66-B51E-FE41D8B568DF}"
EndProject
Project("{FAE04EC0-301F-11D3-BF4B-00C04F79EFBC}") = "WpfApp1", "WpfApp1\WpfApp1.csproj", "{F974BBD1-67A1-469F-B4FE-41E5BA7E1380}"
EndProject
Global
	GlobalSection(SolutionConfigurationPlatforms) = preSolution
		Debug|Any CPU = Debug|Any CPU
		Release|Any CPU = Release|Any CPU
	EndGlobalSection
	GlobalSection(ProjectConfigurationPlatforms) = postSolution
		{3DB2E521-6966-4B66-B51E-FE41D8B568DF}.Debug|Any CPU.ActiveCfg = Debug|Any CPU
		{3DB2E521-6966-4B66-B51E-FE41D8B568DF}.Debug|Any CPU.Build.0 = Debug|Any CPU
		{3DB2E521-6966-4B66-B51E-FE41D8B568DF}.Release|Any CPU.ActiveCfg = Release|Any CPU
		{3DB2E521-6966-4B66-B51E-FE41D8B568DF}.Release|Any CPU.Build.0 = Release|Any CPU
		{F974BBD1-67A1-469F-B4FE-41E5BA7E1380}.Debug|Any CPU.ActiveCfg = Debug|Any CPU
		{F974BBD1-67A1-469F-B4FE-41E5BA7E1380}.Debug|Any CPU.Build.0 = Debug|Any CPU
		{F974BBD1-67A1-469F-B4FE-41E5BA7E1380}.Release|Any CPU.ActiveCfg = Release|Any CPU
		{F974BBD1-67A1-469F-B4FE-41E5BA7E1380}.Release|Any CPU.Build.0 = Release|Any CPU
	EndGlobalSection
	GlobalSection(SolutionProperties) = preSolution
		HideSolutionNode = FALSE
	EndGlobalSection
EndGlobal
